// !$*UTF8*$!
{
	archiveVersion = 1;
	classes = {
	};
	objectVersion = 77;
	objects = {

/* Begin PBXBuildFile section */
		AB33DD9F2D71C6EE00B7D6FC /* Fonts.swift in Sources */ = {isa = PBXBuildFile; fileRef = AB33DD9E2D71C6EE00B7D6FC /* Fonts.swift */; };
		AB33DDA12D71D49300B7D6FC /* ProfileLeftSideViewController.swift in Sources */ = {isa = PBXBuildFile; fileRef = AB33DDA02D71D49300B7D6FC /* ProfileLeftSideViewController.swift */; };
		AB352C0E2D6F408B00C94D8C /* Assets.xcassets in Resources */ = {isa = PBXBuildFile; fileRef = AB352C0D2D6F408B00C94D8C /* Assets.xcassets */; };
		AB410D002D6B36C200E6C6CE /* AuthManager.swift in Sources */ = {isa = PBXBuildFile; fileRef = AB410CFF2D6B36C200E6C6CE /* AuthManager.swift */; };
		AB410D022D6B36DF00E6C6CE /* DatabaseManager.swift in Sources */ = {isa = PBXBuildFile; fileRef = AB410D012D6B36DF00E6C6CE /* DatabaseManager.swift */; };
		AB410D042D6B36EF00E6C6CE /* StorageManager.swift in Sources */ = {isa = PBXBuildFile; fileRef = AB410D032D6B36EF00E6C6CE /* StorageManager.swift */; };
		AB410D062D6B373D00E6C6CE /* ContentModel.swift in Sources */ = {isa = PBXBuildFile; fileRef = AB410D052D6B373D00E6C6CE /* ContentModel.swift */; };
		AB410D0A2D6B3BA100E6C6CE /* Colors.swift in Sources */ = {isa = PBXBuildFile; fileRef = AB410D092D6B3BA100E6C6CE /* Colors.swift */; };
		AB410D0C2D6B3BB500E6C6CE /* Images.swift in Sources */ = {isa = PBXBuildFile; fileRef = AB410D0B2D6B3BB500E6C6CE /* Images.swift */; };
		AB7499BE2D6FB10F003850EE /* ProfileViewController.swift in Sources */ = {isa = PBXBuildFile; fileRef = AB7499BD2D6FB10F003850EE /* ProfileViewController.swift */; };
		AB7499C02D6FB11D003850EE /* SettingsViewController.swift in Sources */ = {isa = PBXBuildFile; fileRef = AB7499BF2D6FB11D003850EE /* SettingsViewController.swift */; };
		AB7499C92D6FB2D2003850EE /* SignUpViewModel.swift in Sources */ = {isa = PBXBuildFile; fileRef = AB7499C82D6FB2D2003850EE /* SignUpViewModel.swift */; };
		AB7499CA2D6FB2D2003850EE /* LogInViewModel.swift in Sources */ = {isa = PBXBuildFile; fileRef = AB7499C72D6FB2D2003850EE /* LogInViewModel.swift */; };
		AB7499CC2D6FB30F003850EE /* SearchViewModel.swift in Sources */ = {isa = PBXBuildFile; fileRef = AB7499CB2D6FB30F003850EE /* SearchViewModel.swift */; };
		AB7499CE2D6FB335003850EE /* NotificationViewModel.swift in Sources */ = {isa = PBXBuildFile; fileRef = AB7499CD2D6FB335003850EE /* NotificationViewModel.swift */; };
		AB7499D02D6FB346003850EE /* DirectViewModel.swift in Sources */ = {isa = PBXBuildFile; fileRef = AB7499CF2D6FB346003850EE /* DirectViewModel.swift */; };
		AB7499D22D706424003850EE /* NewItemViewController.swift in Sources */ = {isa = PBXBuildFile; fileRef = AB7499D12D706424003850EE /* NewItemViewController.swift */; };
		AB7499D42D70653E003850EE /* NewItemViewModel.swift in Sources */ = {isa = PBXBuildFile; fileRef = AB7499D32D70653E003850EE /* NewItemViewModel.swift */; };
		AB7499D62D706563003850EE /* HomeViewModel.swift in Sources */ = {isa = PBXBuildFile; fileRef = AB7499D52D706563003850EE /* HomeViewModel.swift */; };
		AB7499D82D7065BC003850EE /* ItemModel.swift in Sources */ = {isa = PBXBuildFile; fileRef = AB7499D72D7065BC003850EE /* ItemModel.swift */; };
		AB8AF60F2D6BACEB005EADBB /* GoogleService-Info.plist in Resources */ = {isa = PBXBuildFile; fileRef = AB8AF60E2D6BACEB005EADBB /* GoogleService-Info.plist */; };
		AB8AF6132D6F289C005EADBB /* MainViewController.swift in Sources */ = {isa = PBXBuildFile; fileRef = AB8AF6122D6F289C005EADBB /* MainViewController.swift */; };
		AB8AF6192D6F2BF3005EADBB /* HomeViewController.swift in Sources */ = {isa = PBXBuildFile; fileRef = AB8AF6182D6F2BF3005EADBB /* HomeViewController.swift */; };
		AB8AF61B2D6F2BFC005EADBB /* SearchViewController.swift in Sources */ = {isa = PBXBuildFile; fileRef = AB8AF61A2D6F2BFC005EADBB /* SearchViewController.swift */; };
		AB8AF61D2D6F2C05005EADBB /* NotificationViewController.swift in Sources */ = {isa = PBXBuildFile; fileRef = AB8AF61C2D6F2C05005EADBB /* NotificationViewController.swift */; };
		AB8AF61F2D6F2C0C005EADBB /* DirectViewController.swift in Sources */ = {isa = PBXBuildFile; fileRef = AB8AF61E2D6F2C0C005EADBB /* DirectViewController.swift */; };
		ABBD630F2D6A537200532A25 /* FirebaseAuth in Frameworks */ = {isa = PBXBuildFile; productRef = ABBD630E2D6A537200532A25 /* FirebaseAuth */; };
		ABBD63112D6A537200532A25 /* FirebaseAuthCombine-Community in Frameworks */ = {isa = PBXBuildFile; productRef = ABBD63102D6A537200532A25 /* FirebaseAuthCombine-Community */; };
		ABBD63132D6A537200532A25 /* FirebaseCore in Frameworks */ = {isa = PBXBuildFile; productRef = ABBD63122D6A537200532A25 /* FirebaseCore */; };
		ABBD63152D6A537200532A25 /* FirebaseDatabase in Frameworks */ = {isa = PBXBuildFile; productRef = ABBD63142D6A537200532A25 /* FirebaseDatabase */; };
		ABBD63172D6A537200532A25 /* FirebaseFirestore in Frameworks */ = {isa = PBXBuildFile; productRef = ABBD63162D6A537200532A25 /* FirebaseFirestore */; };
		ABBD63192D6A537200532A25 /* FirebaseFirestoreCombine-Community in Frameworks */ = {isa = PBXBuildFile; productRef = ABBD63182D6A537200532A25 /* FirebaseFirestoreCombine-Community */; };
		ABBD631B2D6A537200532A25 /* FirebaseFunctions in Frameworks */ = {isa = PBXBuildFile; productRef = ABBD631A2D6A537200532A25 /* FirebaseFunctions */; };
		ABBD631D2D6A537200532A25 /* FirebaseFunctionsCombine-Community in Frameworks */ = {isa = PBXBuildFile; productRef = ABBD631C2D6A537200532A25 /* FirebaseFunctionsCombine-Community */; };
		ABBD631F2D6A537200532A25 /* FirebaseStorage in Frameworks */ = {isa = PBXBuildFile; productRef = ABBD631E2D6A537200532A25 /* FirebaseStorage */; };
		ABBD63212D6A537200532A25 /* FirebaseStorageCombine-Community in Frameworks */ = {isa = PBXBuildFile; productRef = ABBD63202D6A537200532A25 /* FirebaseStorageCombine-Community */; };
		ABBD63232D6A53D800532A25 /* UserModel.swift in Sources */ = {isa = PBXBuildFile; fileRef = ABBD63222D6A53D800532A25 /* UserModel.swift */; };
		ABBD63272D6A626200532A25 /* SignUpViewController.swift in Sources */ = {isa = PBXBuildFile; fileRef = ABBD63262D6A626200532A25 /* SignUpViewController.swift */; };
		ABBD63292D6A627C00532A25 /* LogInViewController.swift in Sources */ = {isa = PBXBuildFile; fileRef = ABBD63282D6A627C00532A25 /* LogInViewController.swift */; };
		ABBD63C52D6A8D0700532A25 /* AuthViewModel.swift in Sources */ = {isa = PBXBuildFile; fileRef = ABBD63C42D6A8D0700532A25 /* AuthViewModel.swift */; };
		ABD53C902D69E8FE00EDA1E5 /* AppDelegate.swift in Sources */ = {isa = PBXBuildFile; fileRef = ABD53C8F2D69E8FE00EDA1E5 /* AppDelegate.swift */; };
		ABD53C922D69E8FE00EDA1E5 /* SceneDelegate.swift in Sources */ = {isa = PBXBuildFile; fileRef = ABD53C912D69E8FE00EDA1E5 /* SceneDelegate.swift */; };
		ABD53C942D69E8FE00EDA1E5 /* PreviewViewController.swift in Sources */ = {isa = PBXBuildFile; fileRef = ABD53C932D69E8FE00EDA1E5 /* PreviewViewController.swift */; };
		ABD53C9C2D69E90000EDA1E5 /* LaunchScreen.storyboard in Resources */ = {isa = PBXBuildFile; fileRef = ABD53C9A2D69E90000EDA1E5 /* LaunchScreen.storyboard */; };
		ABD53CAF2D6A028600EDA1E5 /* Extensions.swift in Sources */ = {isa = PBXBuildFile; fileRef = ABD53CAE2D6A028600EDA1E5 /* Extensions.swift */; };
/* End PBXBuildFile section */

/* Begin PBXFileReference section */
		AB33DD9E2D71C6EE00B7D6FC /* Fonts.swift */ = {isa = PBXFileReference; lastKnownFileType = sourcecode.swift; path = Fonts.swift; sourceTree = "<group>"; };
		AB33DDA02D71D49300B7D6FC /* ProfileLeftSideViewController.swift */ = {isa = PBXFileReference; lastKnownFileType = sourcecode.swift; path = ProfileLeftSideViewController.swift; sourceTree = "<group>"; };
		AB352C0D2D6F408B00C94D8C /* Assets.xcassets */ = {isa = PBXFileReference; lastKnownFileType = folder.assetcatalog; path = Assets.xcassets; sourceTree = "<group>"; };
		AB410CFF2D6B36C200E6C6CE /* AuthManager.swift */ = {isa = PBXFileReference; lastKnownFileType = sourcecode.swift; path = AuthManager.swift; sourceTree = "<group>"; };
		AB410D012D6B36DF00E6C6CE /* DatabaseManager.swift */ = {isa = PBXFileReference; lastKnownFileType = sourcecode.swift; path = DatabaseManager.swift; sourceTree = "<group>"; };
		AB410D032D6B36EF00E6C6CE /* StorageManager.swift */ = {isa = PBXFileReference; lastKnownFileType = sourcecode.swift; path = StorageManager.swift; sourceTree = "<group>"; };
		AB410D052D6B373D00E6C6CE /* ContentModel.swift */ = {isa = PBXFileReference; lastKnownFileType = sourcecode.swift; path = ContentModel.swift; sourceTree = "<group>"; };
		AB410D092D6B3BA100E6C6CE /* Colors.swift */ = {isa = PBXFileReference; lastKnownFileType = sourcecode.swift; path = Colors.swift; sourceTree = "<group>"; };
		AB410D0B2D6B3BB500E6C6CE /* Images.swift */ = {isa = PBXFileReference; lastKnownFileType = sourcecode.swift; path = Images.swift; sourceTree = "<group>"; };
		AB7499BD2D6FB10F003850EE /* ProfileViewController.swift */ = {isa = PBXFileReference; lastKnownFileType = sourcecode.swift; path = ProfileViewController.swift; sourceTree = "<group>"; };
		AB7499BF2D6FB11D003850EE /* SettingsViewController.swift */ = {isa = PBXFileReference; lastKnownFileType = sourcecode.swift; path = SettingsViewController.swift; sourceTree = "<group>"; };
		AB7499C72D6FB2D2003850EE /* LogInViewModel.swift */ = {isa = PBXFileReference; lastKnownFileType = sourcecode.swift; path = LogInViewModel.swift; sourceTree = "<group>"; };
		AB7499C82D6FB2D2003850EE /* SignUpViewModel.swift */ = {isa = PBXFileReference; lastKnownFileType = sourcecode.swift; path = SignUpViewModel.swift; sourceTree = "<group>"; };
		AB7499CB2D6FB30F003850EE /* SearchViewModel.swift */ = {isa = PBXFileReference; lastKnownFileType = sourcecode.swift; path = SearchViewModel.swift; sourceTree = "<group>"; };
		AB7499CD2D6FB335003850EE /* NotificationViewModel.swift */ = {isa = PBXFileReference; lastKnownFileType = sourcecode.swift; path = NotificationViewModel.swift; sourceTree = "<group>"; };
		AB7499CF2D6FB346003850EE /* DirectViewModel.swift */ = {isa = PBXFileReference; lastKnownFileType = sourcecode.swift; path = DirectViewModel.swift; sourceTree = "<group>"; };
		AB7499D12D706424003850EE /* NewItemViewController.swift */ = {isa = PBXFileReference; lastKnownFileType = sourcecode.swift; path = NewItemViewController.swift; sourceTree = "<group>"; };
		AB7499D32D70653E003850EE /* NewItemViewModel.swift */ = {isa = PBXFileReference; lastKnownFileType = sourcecode.swift; path = NewItemViewModel.swift; sourceTree = "<group>"; };
		AB7499D52D706563003850EE /* HomeViewModel.swift */ = {isa = PBXFileReference; lastKnownFileType = sourcecode.swift; path = HomeViewModel.swift; sourceTree = "<group>"; };
		AB7499D72D7065BC003850EE /* ItemModel.swift */ = {isa = PBXFileReference; lastKnownFileType = sourcecode.swift; path = ItemModel.swift; sourceTree = "<group>"; };
		AB8AF60E2D6BACEB005EADBB /* GoogleService-Info.plist */ = {isa = PBXFileReference; lastKnownFileType = text.plist.xml; path = "GoogleService-Info.plist"; sourceTree = "<group>"; };
		AB8AF6122D6F289C005EADBB /* MainViewController.swift */ = {isa = PBXFileReference; lastKnownFileType = sourcecode.swift; path = MainViewController.swift; sourceTree = "<group>"; };
		AB8AF6182D6F2BF3005EADBB /* HomeViewController.swift */ = {isa = PBXFileReference; lastKnownFileType = sourcecode.swift; path = HomeViewController.swift; sourceTree = "<group>"; };
		AB8AF61A2D6F2BFC005EADBB /* SearchViewController.swift */ = {isa = PBXFileReference; lastKnownFileType = sourcecode.swift; path = SearchViewController.swift; sourceTree = "<group>"; };
		AB8AF61C2D6F2C05005EADBB /* NotificationViewController.swift */ = {isa = PBXFileReference; lastKnownFileType = sourcecode.swift; path = NotificationViewController.swift; sourceTree = "<group>"; };
		AB8AF61E2D6F2C0C005EADBB /* DirectViewController.swift */ = {isa = PBXFileReference; lastKnownFileType = sourcecode.swift; path = DirectViewController.swift; sourceTree = "<group>"; };
		ABBD63222D6A53D800532A25 /* UserModel.swift */ = {isa = PBXFileReference; lastKnownFileType = sourcecode.swift; path = UserModel.swift; sourceTree = "<group>"; };
		ABBD63262D6A626200532A25 /* SignUpViewController.swift */ = {isa = PBXFileReference; lastKnownFileType = sourcecode.swift; path = SignUpViewController.swift; sourceTree = "<group>"; };
		ABBD63282D6A627C00532A25 /* LogInViewController.swift */ = {isa = PBXFileReference; lastKnownFileType = sourcecode.swift; path = LogInViewController.swift; sourceTree = "<group>"; };
		ABBD63C42D6A8D0700532A25 /* AuthViewModel.swift */ = {isa = PBXFileReference; lastKnownFileType = sourcecode.swift; path = AuthViewModel.swift; sourceTree = "<group>"; };
		ABD53C8C2D69E8FE00EDA1E5 /* FF.app */ = {isa = PBXFileReference; explicitFileType = wrapper.application; includeInIndex = 0; path = FF.app; sourceTree = BUILT_PRODUCTS_DIR; };
		ABD53C8F2D69E8FE00EDA1E5 /* AppDelegate.swift */ = {isa = PBXFileReference; lastKnownFileType = sourcecode.swift; path = AppDelegate.swift; sourceTree = "<group>"; };
		ABD53C912D69E8FE00EDA1E5 /* SceneDelegate.swift */ = {isa = PBXFileReference; lastKnownFileType = sourcecode.swift; path = SceneDelegate.swift; sourceTree = "<group>"; };
		ABD53C932D69E8FE00EDA1E5 /* PreviewViewController.swift */ = {isa = PBXFileReference; lastKnownFileType = sourcecode.swift; path = PreviewViewController.swift; sourceTree = "<group>"; };
		ABD53C9B2D69E90000EDA1E5 /* Base */ = {isa = PBXFileReference; lastKnownFileType = file.storyboard; name = Base; path = Base.lproj/LaunchScreen.storyboard; sourceTree = "<group>"; };
		ABD53C9D2D69E90000EDA1E5 /* Info.plist */ = {isa = PBXFileReference; lastKnownFileType = text.plist.xml; path = Info.plist; sourceTree = "<group>"; };
		ABD53CAE2D6A028600EDA1E5 /* Extensions.swift */ = {isa = PBXFileReference; lastKnownFileType = sourcecode.swift; path = Extensions.swift; sourceTree = "<group>"; };
/* End PBXFileReference section */

/* Begin PBXFrameworksBuildPhase section */
		ABD53C892D69E8FE00EDA1E5 /* Frameworks */ = {
			isa = PBXFrameworksBuildPhase;
			buildActionMask = 2147483647;
			files = (
				ABBD630F2D6A537200532A25 /* FirebaseAuth in Frameworks */,
				ABBD631B2D6A537200532A25 /* FirebaseFunctions in Frameworks */,
				ABBD63212D6A537200532A25 /* FirebaseStorageCombine-Community in Frameworks */,
				ABBD631F2D6A537200532A25 /* FirebaseStorage in Frameworks */,
				ABBD63132D6A537200532A25 /* FirebaseCore in Frameworks */,
				ABBD63152D6A537200532A25 /* FirebaseDatabase in Frameworks */,
				ABBD63192D6A537200532A25 /* FirebaseFirestoreCombine-Community in Frameworks */,
				ABBD63172D6A537200532A25 /* FirebaseFirestore in Frameworks */,
				ABBD63112D6A537200532A25 /* FirebaseAuthCombine-Community in Frameworks */,
				ABBD631D2D6A537200532A25 /* FirebaseFunctionsCombine-Community in Frameworks */,
			);
			runOnlyForDeploymentPostprocessing = 0;
		};
/* End PBXFrameworksBuildPhase section */

/* Begin PBXGroup section */
		AB33DDA22D71D56A00B7D6FC /* Profile */ = {
			isa = PBXGroup;
			children = (
				AB7499BD2D6FB10F003850EE /* ProfileViewController.swift */,
				AB33DDA02D71D49300B7D6FC /* ProfileLeftSideViewController.swift */,
				AB33DDA32D71D57E00B7D6FC /* ProvileViewModel */,
			);
			path = Profile;
			sourceTree = "<group>";
		};
		AB33DDA32D71D57E00B7D6FC /* ProvileViewModel */ = {
			isa = PBXGroup;
			children = (
			);
			path = ProvileViewModel;
			sourceTree = "<group>";
		};
		AB410CFE2D6B36AE00E6C6CE /* Networking */ = {
			isa = PBXGroup;
			children = (
				AB410CFF2D6B36C200E6C6CE /* AuthManager.swift */,
				AB410D012D6B36DF00E6C6CE /* DatabaseManager.swift */,
				AB410D032D6B36EF00E6C6CE /* StorageManager.swift */,
			);
			path = Networking;
			sourceTree = "<group>";
		};
		AB7499B72D6FAEDD003850EE /* Authorization */ = {
			isa = PBXGroup;
			children = (
				ABD53C932D69E8FE00EDA1E5 /* PreviewViewController.swift */,
				ABBD63262D6A626200532A25 /* SignUpViewController.swift */,
				ABBD63282D6A627C00532A25 /* LogInViewController.swift */,
				AB7499C12D6FB28A003850EE /* ViewModel */,
			);
			path = Authorization;
			sourceTree = "<group>";
		};
		AB7499B82D6FAF19003850EE /* Home */ = {
			isa = PBXGroup;
			children = (
				AB8AF6182D6F2BF3005EADBB /* HomeViewController.swift */,
				AB7499D12D706424003850EE /* NewItemViewController.swift */,
				AB7499C22D6FB293003850EE /* ViewModel */,
			);
			path = Home;
			sourceTree = "<group>";
		};
		AB7499B92D6FAF2C003850EE /* Search */ = {
			isa = PBXGroup;
			children = (
				AB8AF61A2D6F2BFC005EADBB /* SearchViewController.swift */,
				AB7499C32D6FB298003850EE /* ViewModel */,
			);
			path = Search;
			sourceTree = "<group>";
		};
		AB7499BB2D6FAF7B003850EE /* Notification */ = {
			isa = PBXGroup;
			children = (
				AB8AF61C2D6F2C05005EADBB /* NotificationViewController.swift */,
				AB7499C42D6FB29A003850EE /* ViewModel */,
			);
			path = Notification;
			sourceTree = "<group>";
		};
		AB7499BC2D6FAF99003850EE /* Direct */ = {
			isa = PBXGroup;
			children = (
				AB8AF61E2D6F2C0C005EADBB /* DirectViewController.swift */,
				AB7499C52D6FB29C003850EE /* ViewModel */,
			);
			path = Direct;
			sourceTree = "<group>";
		};
		AB7499C12D6FB28A003850EE /* ViewModel */ = {
			isa = PBXGroup;
			children = (
				ABBD63C42D6A8D0700532A25 /* AuthViewModel.swift */,
				AB7499C72D6FB2D2003850EE /* LogInViewModel.swift */,
				AB7499C82D6FB2D2003850EE /* SignUpViewModel.swift */,
			);
			path = ViewModel;
			sourceTree = "<group>";
		};
		AB7499C22D6FB293003850EE /* ViewModel */ = {
			isa = PBXGroup;
			children = (
				AB7499D52D706563003850EE /* HomeViewModel.swift */,
				AB7499D32D70653E003850EE /* NewItemViewModel.swift */,
			);
			path = ViewModel;
			sourceTree = "<group>";
		};
		AB7499C32D6FB298003850EE /* ViewModel */ = {
			isa = PBXGroup;
			children = (
				AB7499CB2D6FB30F003850EE /* SearchViewModel.swift */,
			);
			path = ViewModel;
			sourceTree = "<group>";
		};
		AB7499C42D6FB29A003850EE /* ViewModel */ = {
			isa = PBXGroup;
			children = (
				AB7499CD2D6FB335003850EE /* NotificationViewModel.swift */,
			);
			path = ViewModel;
			sourceTree = "<group>";
		};
		AB7499C52D6FB29C003850EE /* ViewModel */ = {
			isa = PBXGroup;
			children = (
				AB7499CF2D6FB346003850EE /* DirectViewModel.swift */,
			);
			path = ViewModel;
			sourceTree = "<group>";
		};
		AB7499C62D6FB2A3003850EE /* ViewModel */ = {
			isa = PBXGroup;
			children = (
			);
			path = ViewModel;
			sourceTree = "<group>";
		};
		ABA73A042D6B6CE5003C23BE /* OtherViews */ = {
			isa = PBXGroup;
			children = (
				AB33DDA22D71D56A00B7D6FC /* Profile */,
				AB8AF6122D6F289C005EADBB /* MainViewController.swift */,
				AB7499BF2D6FB11D003850EE /* SettingsViewController.swift */,
				AB7499C62D6FB2A3003850EE /* ViewModel */,
			);
			path = OtherViews;
			sourceTree = "<group>";
		};
		ABD53C832D69E8FE00EDA1E5 = {
			isa = PBXGroup;
			children = (
				ABD53CA42D69EA3C00EDA1E5 /* FF */,
				ABD53C8D2D69E8FE00EDA1E5 /* Products */,
			);
			sourceTree = "<group>";
		};
		ABD53C8D2D69E8FE00EDA1E5 /* Products */ = {
			isa = PBXGroup;
			children = (
				ABD53C8C2D69E8FE00EDA1E5 /* FF.app */,
			);
			name = Products;
			sourceTree = "<group>";
		};
		ABD53CA42D69EA3C00EDA1E5 /* FF */ = {
			isa = PBXGroup;
			children = (
				ABD53CA52D69EACE00EDA1E5 /* Models */,
				AB7499B72D6FAEDD003850EE /* Authorization */,
				AB7499B82D6FAF19003850EE /* Home */,
				AB7499B92D6FAF2C003850EE /* Search */,
				AB7499BB2D6FAF7B003850EE /* Notification */,
				AB7499BC2D6FAF99003850EE /* Direct */,
				ABA73A042D6B6CE5003C23BE /* OtherViews */,
				AB410CFE2D6B36AE00E6C6CE /* Networking */,
				ABD53CAD2D6A027100EDA1E5 /* Extensions */,
				ABD53CA92D69FD3100EDA1E5 /* Application */,
				ABD53CAA2D69FD4700EDA1E5 /* Resources */,
				ABD53C9D2D69E90000EDA1E5 /* Info.plist */,
				AB8AF60E2D6BACEB005EADBB /* GoogleService-Info.plist */,
			);
			path = FF;
			sourceTree = "<group>";
		};
		ABD53CA52D69EACE00EDA1E5 /* Models */ = {
			isa = PBXGroup;
			children = (
				ABBD63222D6A53D800532A25 /* UserModel.swift */,
				AB410D052D6B373D00E6C6CE /* ContentModel.swift */,
				AB7499D72D7065BC003850EE /* ItemModel.swift */,
			);
			path = Models;
			sourceTree = "<group>";
		};
		ABD53CA92D69FD3100EDA1E5 /* Application */ = {
			isa = PBXGroup;
			children = (
				ABD53C8F2D69E8FE00EDA1E5 /* AppDelegate.swift */,
				ABD53C912D69E8FE00EDA1E5 /* SceneDelegate.swift */,
			);
			path = Application;
			sourceTree = "<group>";
		};
		ABD53CAA2D69FD4700EDA1E5 /* Resources */ = {
			isa = PBXGroup;
			children = (
				ABD53C9A2D69E90000EDA1E5 /* LaunchScreen.storyboard */,
				AB352C0D2D6F408B00C94D8C /* Assets.xcassets */,
			);
			path = Resources;
			sourceTree = "<group>";
		};
		ABD53CAD2D6A027100EDA1E5 /* Extensions */ = {
			isa = PBXGroup;
			children = (
				ABD53CAE2D6A028600EDA1E5 /* Extensions.swift */,
				AB410D092D6B3BA100E6C6CE /* Colors.swift */,
				AB410D0B2D6B3BB500E6C6CE /* Images.swift */,
				AB33DD9E2D71C6EE00B7D6FC /* Fonts.swift */,
			);
			path = Extensions;
			sourceTree = "<group>";
		};
/* End PBXGroup section */

/* Begin PBXNativeTarget section */
		ABD53C8B2D69E8FE00EDA1E5 /* FF */ = {
			isa = PBXNativeTarget;
			buildConfigurationList = ABD53C9F2D69E90000EDA1E5 /* Build configuration list for PBXNativeTarget "FF" */;
			buildPhases = (
				ABD53C882D69E8FE00EDA1E5 /* Sources */,
				ABD53C892D69E8FE00EDA1E5 /* Frameworks */,
				ABD53C8A2D69E8FE00EDA1E5 /* Resources */,
			);
			buildRules = (
			);
			dependencies = (
			);
			name = FF;
			packageProductDependencies = (
				ABBD630E2D6A537200532A25 /* FirebaseAuth */,
				ABBD63102D6A537200532A25 /* FirebaseAuthCombine-Community */,
				ABBD63122D6A537200532A25 /* FirebaseCore */,
				ABBD63142D6A537200532A25 /* FirebaseDatabase */,
				ABBD63162D6A537200532A25 /* FirebaseFirestore */,
				ABBD63182D6A537200532A25 /* FirebaseFirestoreCombine-Community */,
				ABBD631A2D6A537200532A25 /* FirebaseFunctions */,
				ABBD631C2D6A537200532A25 /* FirebaseFunctionsCombine-Community */,
				ABBD631E2D6A537200532A25 /* FirebaseStorage */,
				ABBD63202D6A537200532A25 /* FirebaseStorageCombine-Community */,
			);
			productName = FF;
			productReference = ABD53C8C2D69E8FE00EDA1E5 /* FF.app */;
			productType = "com.apple.product-type.application";
		};
/* End PBXNativeTarget section */

/* Begin PBXProject section */
		ABD53C842D69E8FE00EDA1E5 /* Project object */ = {
			isa = PBXProject;
			attributes = {
				BuildIndependentTargetsInParallel = 1;
				LastSwiftUpdateCheck = 1620;
				LastUpgradeCheck = 1620;
				TargetAttributes = {
					ABD53C8B2D69E8FE00EDA1E5 = {
						CreatedOnToolsVersion = 16.2;
					};
				};
			};
			buildConfigurationList = ABD53C872D69E8FE00EDA1E5 /* Build configuration list for PBXProject "FF" */;
			developmentRegion = en;
			hasScannedForEncodings = 0;
			knownRegions = (
				en,
				Base,
			);
			mainGroup = ABD53C832D69E8FE00EDA1E5;
			minimizedProjectReferenceProxies = 1;
			packageReferences = (
				ABBD630D2D6A537200532A25 /* XCRemoteSwiftPackageReference "firebase-ios-sdk" */,
			);
			preferredProjectObjectVersion = 77;
			productRefGroup = ABD53C8D2D69E8FE00EDA1E5 /* Products */;
			projectDirPath = "";
			projectRoot = "";
			targets = (
				ABD53C8B2D69E8FE00EDA1E5 /* FF */,
			);
		};
/* End PBXProject section */

/* Begin PBXResourcesBuildPhase section */
		ABD53C8A2D69E8FE00EDA1E5 /* Resources */ = {
			isa = PBXResourcesBuildPhase;
			buildActionMask = 2147483647;
			files = (
				ABD53C9C2D69E90000EDA1E5 /* LaunchScreen.storyboard in Resources */,
				AB352C0E2D6F408B00C94D8C /* Assets.xcassets in Resources */,
				AB8AF60F2D6BACEB005EADBB /* GoogleService-Info.plist in Resources */,
			);
			runOnlyForDeploymentPostprocessing = 0;
		};
/* End PBXResourcesBuildPhase section */

/* Begin PBXSourcesBuildPhase section */
		ABD53C882D69E8FE00EDA1E5 /* Sources */ = {
			isa = PBXSourcesBuildPhase;
			buildActionMask = 2147483647;
			files = (
				AB7499D82D7065BC003850EE /* ItemModel.swift in Sources */,
				AB7499C92D6FB2D2003850EE /* SignUpViewModel.swift in Sources */,
				AB7499CA2D6FB2D2003850EE /* LogInViewModel.swift in Sources */,
				AB410D0A2D6B3BA100E6C6CE /* Colors.swift in Sources */,
				AB410D002D6B36C200E6C6CE /* AuthManager.swift in Sources */,
				AB33DDA12D71D49300B7D6FC /* ProfileLeftSideViewController.swift in Sources */,
				AB410D022D6B36DF00E6C6CE /* DatabaseManager.swift in Sources */,
				ABBD63C52D6A8D0700532A25 /* AuthViewModel.swift in Sources */,
				AB410D062D6B373D00E6C6CE /* ContentModel.swift in Sources */,
				ABD53CAF2D6A028600EDA1E5 /* Extensions.swift in Sources */,
				AB7499BE2D6FB10F003850EE /* ProfileViewController.swift in Sources */,
				AB8AF6132D6F289C005EADBB /* MainViewController.swift in Sources */,
				AB8AF6192D6F2BF3005EADBB /* HomeViewController.swift in Sources */,
				AB7499D22D706424003850EE /* NewItemViewController.swift in Sources */,
				ABD53C942D69E8FE00EDA1E5 /* PreviewViewController.swift in Sources */,
				AB410D0C2D6B3BB500E6C6CE /* Images.swift in Sources */,
				ABD53C902D69E8FE00EDA1E5 /* AppDelegate.swift in Sources */,
				AB7499D62D706563003850EE /* HomeViewModel.swift in Sources */,
				AB8AF61B2D6F2BFC005EADBB /* SearchViewController.swift in Sources */,
				AB7499C02D6FB11D003850EE /* SettingsViewController.swift in Sources */,
				AB8AF61F2D6F2C0C005EADBB /* DirectViewController.swift in Sources */,
				AB7499D02D6FB346003850EE /* DirectViewModel.swift in Sources */,
				ABBD63232D6A53D800532A25 /* UserModel.swift in Sources */,
				AB7499CC2D6FB30F003850EE /* SearchViewModel.swift in Sources */,
				ABBD63272D6A626200532A25 /* SignUpViewController.swift in Sources */,
				AB33DD9F2D71C6EE00B7D6FC /* Fonts.swift in Sources */,
				AB7499D42D70653E003850EE /* NewItemViewModel.swift in Sources */,
				ABBD63292D6A627C00532A25 /* LogInViewController.swift in Sources */,
				AB7499CE2D6FB335003850EE /* NotificationViewModel.swift in Sources */,
				AB8AF61D2D6F2C05005EADBB /* NotificationViewController.swift in Sources */,
				ABD53C922D69E8FE00EDA1E5 /* SceneDelegate.swift in Sources */,
				AB410D042D6B36EF00E6C6CE /* StorageManager.swift in Sources */,
			);
			runOnlyForDeploymentPostprocessing = 0;
		};
/* End PBXSourcesBuildPhase section */

/* Begin PBXVariantGroup section */
		ABD53C9A2D69E90000EDA1E5 /* LaunchScreen.storyboard */ = {
			isa = PBXVariantGroup;
			children = (
				ABD53C9B2D69E90000EDA1E5 /* Base */,
			);
			name = LaunchScreen.storyboard;
			sourceTree = "<group>";
		};
/* End PBXVariantGroup section */

/* Begin XCBuildConfiguration section */
		ABD53CA02D69E90000EDA1E5 /* Debug */ = {
			isa = XCBuildConfiguration;
			buildSettings = {
				ASSETCATALOG_COMPILER_APPICON_NAME = AppIcon;
				ASSETCATALOG_COMPILER_GLOBAL_ACCENT_COLOR_NAME = AccentColor;
				CODE_SIGN_STYLE = Automatic;
				CURRENT_PROJECT_VERSION = 1;
				DEVELOPMENT_TEAM = 7AVWTU2KYN;
				GENERATE_INFOPLIST_FILE = YES;
				INFOPLIST_FILE = FF/Info.plist;
				INFOPLIST_KEY_UIApplicationSupportsIndirectInputEvents = YES;
				INFOPLIST_KEY_UILaunchStoryboardName = LaunchScreen;
				INFOPLIST_KEY_UISupportedInterfaceOrientations = UIInterfaceOrientationPortrait;
				INFOPLIST_KEY_UISupportedInterfaceOrientations_iPad = "UIInterfaceOrientationLandscapeLeft UIInterfaceOrientationLandscapeRight UIInterfaceOrientationPortrait UIInterfaceOrientationPortraitUpsideDown";
				IPHONEOS_DEPLOYMENT_TARGET = 16.6;
				LD_RUNPATH_SEARCH_PATHS = (
					"$(inherited)",
					"@executable_path/Frameworks",
				);
				MARKETING_VERSION = 1.0;
				PRODUCT_BUNDLE_IDENTIFIER = qq.FF;
				PRODUCT_NAME = "$(TARGET_NAME)";
				SUPPORTED_PLATFORMS = "iphoneos iphonesimulator";
				SUPPORTS_MACCATALYST = NO;
				SUPPORTS_MAC_DESIGNED_FOR_IPHONE_IPAD = NO;
				SUPPORTS_XR_DESIGNED_FOR_IPHONE_IPAD = NO;
				SWIFT_EMIT_LOC_STRINGS = YES;
				SWIFT_VERSION = 5.0;
				TARGETED_DEVICE_FAMILY = 1;
			};
			name = Debug;
		};
		ABD53CA12D69E90000EDA1E5 /* Release */ = {
			isa = XCBuildConfiguration;
			buildSettings = {
				ASSETCATALOG_COMPILER_APPICON_NAME = AppIcon;
				ASSETCATALOG_COMPILER_GLOBAL_ACCENT_COLOR_NAME = AccentColor;
				CODE_SIGN_STYLE = Automatic;
				CURRENT_PROJECT_VERSION = 1;
				DEVELOPMENT_TEAM = 7AVWTU2KYN;
				GENERATE_INFOPLIST_FILE = YES;
				INFOPLIST_FILE = FF/Info.plist;
				INFOPLIST_KEY_UIApplicationSupportsIndirectInputEvents = YES;
				INFOPLIST_KEY_UILaunchStoryboardName = LaunchScreen;
				INFOPLIST_KEY_UISupportedInterfaceOrientations = UIInterfaceOrientationPortrait;
				INFOPLIST_KEY_UISupportedInterfaceOrientations_iPad = "UIInterfaceOrientationLandscapeLeft UIInterfaceOrientationLandscapeRight UIInterfaceOrientationPortrait UIInterfaceOrientationPortraitUpsideDown";
				IPHONEOS_DEPLOYMENT_TARGET = 16.6;
				LD_RUNPATH_SEARCH_PATHS = (
					"$(inherited)",
					"@executable_path/Frameworks",
				);
				MARKETING_VERSION = 1.0;
				PRODUCT_BUNDLE_IDENTIFIER = qq.FF;
				PRODUCT_NAME = "$(TARGET_NAME)";
				SUPPORTED_PLATFORMS = "iphoneos iphonesimulator";
				SUPPORTS_MACCATALYST = NO;
				SUPPORTS_MAC_DESIGNED_FOR_IPHONE_IPAD = NO;
				SUPPORTS_XR_DESIGNED_FOR_IPHONE_IPAD = NO;
				SWIFT_EMIT_LOC_STRINGS = YES;
				SWIFT_VERSION = 5.0;
				TARGETED_DEVICE_FAMILY = 1;
			};
			name = Release;
		};
		ABD53CA22D69E90000EDA1E5 /* Debug */ = {
			isa = XCBuildConfiguration;
			buildSettings = {
				ALWAYS_SEARCH_USER_PATHS = NO;
				ASSETCATALOG_COMPILER_GENERATE_SWIFT_ASSET_SYMBOL_EXTENSIONS = YES;
				CLANG_ANALYZER_NONNULL = YES;
				CLANG_ANALYZER_NUMBER_OBJECT_CONVERSION = YES_AGGRESSIVE;
				CLANG_CXX_LANGUAGE_STANDARD = "gnu++20";
				CLANG_ENABLE_MODULES = YES;
				CLANG_ENABLE_OBJC_ARC = YES;
				CLANG_ENABLE_OBJC_WEAK = YES;
				CLANG_WARN_BLOCK_CAPTURE_AUTORELEASING = YES;
				CLANG_WARN_BOOL_CONVERSION = YES;
				CLANG_WARN_COMMA = YES;
				CLANG_WARN_CONSTANT_CONVERSION = YES;
				CLANG_WARN_DEPRECATED_OBJC_IMPLEMENTATIONS = YES;
				CLANG_WARN_DIRECT_OBJC_ISA_USAGE = YES_ERROR;
				CLANG_WARN_DOCUMENTATION_COMMENTS = YES;
				CLANG_WARN_EMPTY_BODY = YES;
				CLANG_WARN_ENUM_CONVERSION = YES;
				CLANG_WARN_INFINITE_RECURSION = YES;
				CLANG_WARN_INT_CONVERSION = YES;
				CLANG_WARN_NON_LITERAL_NULL_CONVERSION = YES;
				CLANG_WARN_OBJC_IMPLICIT_RETAIN_SELF = YES;
				CLANG_WARN_OBJC_LITERAL_CONVERSION = YES;
				CLANG_WARN_OBJC_ROOT_CLASS = YES_ERROR;
				CLANG_WARN_QUOTED_INCLUDE_IN_FRAMEWORK_HEADER = YES;
				CLANG_WARN_RANGE_LOOP_ANALYSIS = YES;
				CLANG_WARN_STRICT_PROTOTYPES = YES;
				CLANG_WARN_SUSPICIOUS_MOVE = YES;
				CLANG_WARN_UNGUARDED_AVAILABILITY = YES_AGGRESSIVE;
				CLANG_WARN_UNREACHABLE_CODE = YES;
				CLANG_WARN__DUPLICATE_METHOD_MATCH = YES;
				COPY_PHASE_STRIP = NO;
				DEBUG_INFORMATION_FORMAT = dwarf;
				ENABLE_STRICT_OBJC_MSGSEND = YES;
				ENABLE_TESTABILITY = YES;
				ENABLE_USER_SCRIPT_SANDBOXING = YES;
				GCC_C_LANGUAGE_STANDARD = gnu17;
				GCC_DYNAMIC_NO_PIC = NO;
				GCC_NO_COMMON_BLOCKS = YES;
				GCC_OPTIMIZATION_LEVEL = 0;
				GCC_PREPROCESSOR_DEFINITIONS = (
					"DEBUG=1",
					"$(inherited)",
				);
				GCC_WARN_64_TO_32_BIT_CONVERSION = YES;
				GCC_WARN_ABOUT_RETURN_TYPE = YES_ERROR;
				GCC_WARN_UNDECLARED_SELECTOR = YES;
				GCC_WARN_UNINITIALIZED_AUTOS = YES_AGGRESSIVE;
				GCC_WARN_UNUSED_FUNCTION = YES;
				GCC_WARN_UNUSED_VARIABLE = YES;
				IPHONEOS_DEPLOYMENT_TARGET = 18.2;
				LOCALIZATION_PREFERS_STRING_CATALOGS = YES;
				MTL_ENABLE_DEBUG_INFO = INCLUDE_SOURCE;
				MTL_FAST_MATH = YES;
				ONLY_ACTIVE_ARCH = YES;
				SDKROOT = iphoneos;
				SWIFT_ACTIVE_COMPILATION_CONDITIONS = "DEBUG $(inherited)";
				SWIFT_OPTIMIZATION_LEVEL = "-Onone";
			};
			name = Debug;
		};
		ABD53CA32D69E90000EDA1E5 /* Release */ = {
			isa = XCBuildConfiguration;
			buildSettings = {
				ALWAYS_SEARCH_USER_PATHS = NO;
				ASSETCATALOG_COMPILER_GENERATE_SWIFT_ASSET_SYMBOL_EXTENSIONS = YES;
				CLANG_ANALYZER_NONNULL = YES;
				CLANG_ANALYZER_NUMBER_OBJECT_CONVERSION = YES_AGGRESSIVE;
				CLANG_CXX_LANGUAGE_STANDARD = "gnu++20";
				CLANG_ENABLE_MODULES = YES;
				CLANG_ENABLE_OBJC_ARC = YES;
				CLANG_ENABLE_OBJC_WEAK = YES;
				CLANG_WARN_BLOCK_CAPTURE_AUTORELEASING = YES;
				CLANG_WARN_BOOL_CONVERSION = YES;
				CLANG_WARN_COMMA = YES;
				CLANG_WARN_CONSTANT_CONVERSION = YES;
				CLANG_WARN_DEPRECATED_OBJC_IMPLEMENTATIONS = YES;
				CLANG_WARN_DIRECT_OBJC_ISA_USAGE = YES_ERROR;
				CLANG_WARN_DOCUMENTATION_COMMENTS = YES;
				CLANG_WARN_EMPTY_BODY = YES;
				CLANG_WARN_ENUM_CONVERSION = YES;
				CLANG_WARN_INFINITE_RECURSION = YES;
				CLANG_WARN_INT_CONVERSION = YES;
				CLANG_WARN_NON_LITERAL_NULL_CONVERSION = YES;
				CLANG_WARN_OBJC_IMPLICIT_RETAIN_SELF = YES;
				CLANG_WARN_OBJC_LITERAL_CONVERSION = YES;
				CLANG_WARN_OBJC_ROOT_CLASS = YES_ERROR;
				CLANG_WARN_QUOTED_INCLUDE_IN_FRAMEWORK_HEADER = YES;
				CLANG_WARN_RANGE_LOOP_ANALYSIS = YES;
				CLANG_WARN_STRICT_PROTOTYPES = YES;
				CLANG_WARN_SUSPICIOUS_MOVE = YES;
				CLANG_WARN_UNGUARDED_AVAILABILITY = YES_AGGRESSIVE;
				CLANG_WARN_UNREACHABLE_CODE = YES;
				CLANG_WARN__DUPLICATE_METHOD_MATCH = YES;
				COPY_PHASE_STRIP = NO;
				DEBUG_INFORMATION_FORMAT = "dwarf-with-dsym";
				ENABLE_NS_ASSERTIONS = NO;
				ENABLE_STRICT_OBJC_MSGSEND = YES;
				ENABLE_USER_SCRIPT_SANDBOXING = YES;
				GCC_C_LANGUAGE_STANDARD = gnu17;
				GCC_NO_COMMON_BLOCKS = YES;
				GCC_WARN_64_TO_32_BIT_CONVERSION = YES;
				GCC_WARN_ABOUT_RETURN_TYPE = YES_ERROR;
				GCC_WARN_UNDECLARED_SELECTOR = YES;
				GCC_WARN_UNINITIALIZED_AUTOS = YES_AGGRESSIVE;
				GCC_WARN_UNUSED_FUNCTION = YES;
				GCC_WARN_UNUSED_VARIABLE = YES;
				IPHONEOS_DEPLOYMENT_TARGET = 18.2;
				LOCALIZATION_PREFERS_STRING_CATALOGS = YES;
				MTL_ENABLE_DEBUG_INFO = NO;
				MTL_FAST_MATH = YES;
				SDKROOT = iphoneos;
				SWIFT_COMPILATION_MODE = wholemodule;
				VALIDATE_PRODUCT = YES;
			};
			name = Release;
		};
/* End XCBuildConfiguration section */

/* Begin XCConfigurationList section */
		ABD53C872D69E8FE00EDA1E5 /* Build configuration list for PBXProject "FF" */ = {
			isa = XCConfigurationList;
			buildConfigurations = (
				ABD53CA22D69E90000EDA1E5 /* Debug */,
				ABD53CA32D69E90000EDA1E5 /* Release */,
			);
			defaultConfigurationIsVisible = 0;
			defaultConfigurationName = Release;
		};
		ABD53C9F2D69E90000EDA1E5 /* Build configuration list for PBXNativeTarget "FF" */ = {
			isa = XCConfigurationList;
			buildConfigurations = (
				ABD53CA02D69E90000EDA1E5 /* Debug */,
				ABD53CA12D69E90000EDA1E5 /* Release */,
			);
			defaultConfigurationIsVisible = 0;
			defaultConfigurationName = Release;
		};
/* End XCConfigurationList section */

/* Begin XCRemoteSwiftPackageReference section */
		ABBD630D2D6A537200532A25 /* XCRemoteSwiftPackageReference "firebase-ios-sdk" */ = {
			isa = XCRemoteSwiftPackageReference;
			repositoryURL = "https://github.com/firebase/firebase-ios-sdk";
			requirement = {
				kind = upToNextMajorVersion;
				minimumVersion = 11.8.1;
			};
		};
/* End XCRemoteSwiftPackageReference section */

/* Begin XCSwiftPackageProductDependency section */
		ABBD630E2D6A537200532A25 /* FirebaseAuth */ = {
			isa = XCSwiftPackageProductDependency;
			package = ABBD630D2D6A537200532A25 /* XCRemoteSwiftPackageReference "firebase-ios-sdk" */;
			productName = FirebaseAuth;
		};
		ABBD63102D6A537200532A25 /* FirebaseAuthCombine-Community */ = {
			isa = XCSwiftPackageProductDependency;
			package = ABBD630D2D6A537200532A25 /* XCRemoteSwiftPackageReference "firebase-ios-sdk" */;
			productName = "FirebaseAuthCombine-Community";
		};
		ABBD63122D6A537200532A25 /* FirebaseCore */ = {
			isa = XCSwiftPackageProductDependency;
			package = ABBD630D2D6A537200532A25 /* XCRemoteSwiftPackageReference "firebase-ios-sdk" */;
			productName = FirebaseCore;
		};
		ABBD63142D6A537200532A25 /* FirebaseDatabase */ = {
			isa = XCSwiftPackageProductDependency;
			package = ABBD630D2D6A537200532A25 /* XCRemoteSwiftPackageReference "firebase-ios-sdk" */;
			productName = FirebaseDatabase;
		};
		ABBD63162D6A537200532A25 /* FirebaseFirestore */ = {
			isa = XCSwiftPackageProductDependency;
			package = ABBD630D2D6A537200532A25 /* XCRemoteSwiftPackageReference "firebase-ios-sdk" */;
			productName = FirebaseFirestore;
		};
		ABBD63182D6A537200532A25 /* FirebaseFirestoreCombine-Community */ = {
			isa = XCSwiftPackageProductDependency;
			package = ABBD630D2D6A537200532A25 /* XCRemoteSwiftPackageReference "firebase-ios-sdk" */;
			productName = "FirebaseFirestoreCombine-Community";
		};
		ABBD631A2D6A537200532A25 /* FirebaseFunctions */ = {
			isa = XCSwiftPackageProductDependency;
			package = ABBD630D2D6A537200532A25 /* XCRemoteSwiftPackageReference "firebase-ios-sdk" */;
			productName = FirebaseFunctions;
		};
		ABBD631C2D6A537200532A25 /* FirebaseFunctionsCombine-Community */ = {
			isa = XCSwiftPackageProductDependency;
			package = ABBD630D2D6A537200532A25 /* XCRemoteSwiftPackageReference "firebase-ios-sdk" */;
			productName = "FirebaseFunctionsCombine-Community";
		};
		ABBD631E2D6A537200532A25 /* FirebaseStorage */ = {
			isa = XCSwiftPackageProductDependency;
			package = ABBD630D2D6A537200532A25 /* XCRemoteSwiftPackageReference "firebase-ios-sdk" */;
			productName = FirebaseStorage;
		};
		ABBD63202D6A537200532A25 /* FirebaseStorageCombine-Community */ = {
			isa = XCSwiftPackageProductDependency;
			package = ABBD630D2D6A537200532A25 /* XCRemoteSwiftPackageReference "firebase-ios-sdk" */;
			productName = "FirebaseStorageCombine-Community";
		};
/* End XCSwiftPackageProductDependency section */
	};
	rootObject = ABD53C842D69E8FE00EDA1E5 /* Project object */;
}
